
Microsoft Visual Studio Solution File, Format Version 12.00
# Visual Studio Version 17
VisualStudioVersion = 17.3.32825.248
MinimumVisualStudioVersion = 10.0.40219.1
Project("{4C288D9D-435E-488A-B226-EB5FF57A0779}") = "AllenNeuralDynamics.LicketySplitLickDetector", "AllenNeuralDynamics.LicketySplitLickDetector\AllenNeuralDynamics.LicketySplitLickDetector.csproj", "{A284AAC3-7A81-41CD-A9E6-CBB18D241E01}"
EndProject
Global
	GlobalSection(SolutionConfigurationPlatforms) = preSolution
		Debug|Any CPU = Debug|Any CPU
		Release|Any CPU = Release|Any CPU
	EndGlobalSection
	GlobalSection(ProjectConfigurationPlatforms) = postSolution
		{A284AAC3-7A81-41CD-A9E6-CBB18D241E01}.Debug|Any CPU.ActiveCfg = Debug|Any CPU
		{A284AAC3-7A81-41CD-A9E6-CBB18D241E01}.Debug|Any CPU.Build.0 = Debug|Any CPU
		{A284AAC3-7A81-41CD-A9E6-CBB18D241E01}.Release|Any CPU.ActiveCfg = Release|Any CPU
		{A284AAC3-7A81-41CD-A9E6-CBB18D241E01}.Release|Any CPU.Build.0 = Release|Any CPU
	EndGlobalSection
	GlobalSection(SolutionProperties) = preSolution
		HideSolutionNode = FALSE
	EndGlobalSection
	GlobalSection(ExtensibilityGlobals) = postSolution
		SolutionGuid = {09B79A0F-A18F-4502-B1E1-6C364A38AEA7}
	EndGlobalSection
EndGlobal
